
Microsoft Visual Studio Solution File, Format Version 12.00
# Visual Studio 15
Project("{FAE04EC0-301F-11D3-BF4B-00C04F79EFBC}") = "fruitgame.Plugins", "fruitgame.Plugins.csproj", "{644DE4EB-A27E-85DE-A99A-DACE548972A7}"
EndProject
Project("{FAE04EC0-301F-11D3-BF4B-00C04F79EFBC}") = "fruitgame", "fruitgame.csproj", "{2BAA0F0C-22E0-9BAB-3BEB-048592112DA8}"
EndProject
Project("{FAE04EC0-301F-11D3-BF4B-00C04F79EFBC}") = "fruitgame.Editor.Plugins", "fruitgame.Editor.Plugins.csproj", "{9345ED08-75CD-70CE-26FC-950756CBD576}"
EndProject
Global
	GlobalSection(SolutionConfigurationPlatforms) = preSolution
		Debug|Any CPU = Debug|Any CPU
		Release|Any CPU = Release|Any CPU
	EndGlobalSection
	GlobalSection(ProjectConfigurationPlatforms) = postSolution
		{644DE4EB-A27E-85DE-A99A-DACE548972A7}.Debug|Any CPU.ActiveCfg = Debug|Any CPU
		{644DE4EB-A27E-85DE-A99A-DACE548972A7}.Debug|Any CPU.Build.0 = Debug|Any CPU
		{644DE4EB-A27E-85DE-A99A-DACE548972A7}.Release|Any CPU.ActiveCfg = Release|Any CPU
		{644DE4EB-A27E-85DE-A99A-DACE548972A7}.Release|Any CPU.Build.0 = Release|Any CPU
		{2BAA0F0C-22E0-9BAB-3BEB-048592112DA8}.Debug|Any CPU.ActiveCfg = Debug|Any CPU
		{2BAA0F0C-22E0-9BAB-3BEB-048592112DA8}.Debug|Any CPU.Build.0 = Debug|Any CPU
		{2BAA0F0C-22E0-9BAB-3BEB-048592112DA8}.Release|Any CPU.ActiveCfg = Release|Any CPU
		{2BAA0F0C-22E0-9BAB-3BEB-048592112DA8}.Release|Any CPU.Build.0 = Release|Any CPU
		{9345ED08-75CD-70CE-26FC-950756CBD576}.Debug|Any CPU.ActiveCfg = Debug|Any CPU
		{9345ED08-75CD-70CE-26FC-950756CBD576}.Debug|Any CPU.Build.0 = Debug|Any CPU
		{9345ED08-75CD-70CE-26FC-950756CBD576}.Release|Any CPU.ActiveCfg = Release|Any CPU
		{9345ED08-75CD-70CE-26FC-950756CBD576}.Release|Any CPU.Build.0 = Release|Any CPU
	EndGlobalSection
	GlobalSection(SolutionProperties) = preSolution
		HideSolutionNode = FALSE
	EndGlobalSection
EndGlobal
